
Microsoft Visual Studio Solution File, Format Version 12.00
# Visual Studio 2012
Project("{FAE04EC0-301F-11D3-BF4B-00C04F79EFBC}") = "QLCHGAGMIX", "QLCHGAGMIX\QLCHGAGMIX.csproj", "{131AFA0E-F38D-49F3-A8A5-0ADC209433F6}"
EndProject
Project("{FAE04EC0-301F-11D3-BF4B-00C04F79EFBC}") = "DTO", "DTO\DTO.csproj", "{45AE3013-2137-4FF5-B8C3-65B012908DEE}"
EndProject
Project("{FAE04EC0-301F-11D3-BF4B-00C04F79EFBC}") = "DAL", "DAL\DAL.csproj", "{6F1F651B-E187-45A5-8FFE-8EFB7E4D6D85}"
EndProject
Project("{FAE04EC0-301F-11D3-BF4B-00C04F79EFBC}") = "BLL", "BLL\BLL.csproj", "{D25B59BF-A4B7-4873-9AB3-6C7922C7034B}"
EndProject
Global
	GlobalSection(SolutionConfigurationPlatforms) = preSolution
		Debug|Any CPU = Debug|Any CPU
		Release|Any CPU = Release|Any CPU
	EndGlobalSection
	GlobalSection(ProjectConfigurationPlatforms) = postSolution
		{131AFA0E-F38D-49F3-A8A5-0ADC209433F6}.Debug|Any CPU.ActiveCfg = Debug|Any CPU
		{131AFA0E-F38D-49F3-A8A5-0ADC209433F6}.Debug|Any CPU.Build.0 = Debug|Any CPU
		{131AFA0E-F38D-49F3-A8A5-0ADC209433F6}.Release|Any CPU.ActiveCfg = Release|Any CPU
		{131AFA0E-F38D-49F3-A8A5-0ADC209433F6}.Release|Any CPU.Build.0 = Release|Any CPU
		{45AE3013-2137-4FF5-B8C3-65B012908DEE}.Debug|Any CPU.ActiveCfg = Debug|Any CPU
		{45AE3013-2137-4FF5-B8C3-65B012908DEE}.Debug|Any CPU.Build.0 = Debug|Any CPU
		{45AE3013-2137-4FF5-B8C3-65B012908DEE}.Release|Any CPU.ActiveCfg = Release|Any CPU
		{45AE3013-2137-4FF5-B8C3-65B012908DEE}.Release|Any CPU.Build.0 = Release|Any CPU
		{6F1F651B-E187-45A5-8FFE-8EFB7E4D6D85}.Debug|Any CPU.ActiveCfg = Debug|Any CPU
		{6F1F651B-E187-45A5-8FFE-8EFB7E4D6D85}.Debug|Any CPU.Build.0 = Debug|Any CPU
		{6F1F651B-E187-45A5-8FFE-8EFB7E4D6D85}.Release|Any CPU.ActiveCfg = Release|Any CPU
		{6F1F651B-E187-45A5-8FFE-8EFB7E4D6D85}.Release|Any CPU.Build.0 = Release|Any CPU
		{D25B59BF-A4B7-4873-9AB3-6C7922C7034B}.Debug|Any CPU.ActiveCfg = Debug|Any CPU
		{D25B59BF-A4B7-4873-9AB3-6C7922C7034B}.Debug|Any CPU.Build.0 = Debug|Any CPU
		{D25B59BF-A4B7-4873-9AB3-6C7922C7034B}.Release|Any CPU.ActiveCfg = Release|Any CPU
		{D25B59BF-A4B7-4873-9AB3-6C7922C7034B}.Release|Any CPU.Build.0 = Release|Any CPU
	EndGlobalSection
	GlobalSection(SolutionProperties) = preSolution
		HideSolutionNode = FALSE
	EndGlobalSection
EndGlobal
